# This file is automatically @generated by Cargo.
# It is not intended for manual editing.
[[package]]
name = "aho-corasick"
version = "0.7.6"
source = "registry+https://github.com/rust-lang/crates.io-index"
dependencies = [
 "memchr 2.2.1 (registry+https://github.com/rust-lang/crates.io-index)",
]

[[package]]
name = "anymap"
version = "0.12.1"
source = "registry+https://github.com/rust-lang/crates.io-index"

[[package]]
name = "askama"
version = "0.8.0"
source = "registry+https://github.com/rust-lang/crates.io-index"
dependencies = [
 "askama_derive 0.8.0 (registry+https://github.com/rust-lang/crates.io-index)",
 "askama_escape 0.2.0 (registry+https://github.com/rust-lang/crates.io-index)",
 "askama_shared 0.8.0 (registry+https://github.com/rust-lang/crates.io-index)",
]

[[package]]
name = "askama_derive"
version = "0.8.0"
source = "registry+https://github.com/rust-lang/crates.io-index"
dependencies = [
 "askama_shared 0.8.0 (registry+https://github.com/rust-lang/crates.io-index)",
 "nom 4.2.3 (registry+https://github.com/rust-lang/crates.io-index)",
 "proc-macro2 0.4.30 (registry+https://github.com/rust-lang/crates.io-index)",
 "quote 0.6.13 (registry+https://github.com/rust-lang/crates.io-index)",
 "syn 0.15.44 (registry+https://github.com/rust-lang/crates.io-index)",
]

[[package]]
name = "askama_escape"
version = "0.2.0"
source = "registry+https://github.com/rust-lang/crates.io-index"

[[package]]
name = "askama_shared"
version = "0.8.0"
source = "registry+https://github.com/rust-lang/crates.io-index"
dependencies = [
 "askama_escape 0.2.0 (registry+https://github.com/rust-lang/crates.io-index)",
 "humansize 1.1.0 (registry+https://github.com/rust-lang/crates.io-index)",
 "num-traits 0.2.10 (registry+https://github.com/rust-lang/crates.io-index)",
 "serde 1.0.102 (registry+https://github.com/rust-lang/crates.io-index)",
 "serde_derive 1.0.102 (registry+https://github.com/rust-lang/crates.io-index)",
 "toml 0.4.10 (registry+https://github.com/rust-lang/crates.io-index)",
]

[[package]]
name = "autocfg"
version = "0.1.7"
source = "registry+https://github.com/rust-lang/crates.io-index"

[[package]]
name = "backtrace"
version = "0.3.40"
source = "registry+https://github.com/rust-lang/crates.io-index"
dependencies = [
 "backtrace-sys 0.1.32 (registry+https://github.com/rust-lang/crates.io-index)",
 "cfg-if 0.1.10 (registry+https://github.com/rust-lang/crates.io-index)",
 "libc 0.2.65 (registry+https://github.com/rust-lang/crates.io-index)",
 "rustc-demangle 0.1.16 (registry+https://github.com/rust-lang/crates.io-index)",
]

[[package]]
name = "backtrace-sys"
version = "0.1.32"
source = "registry+https://github.com/rust-lang/crates.io-index"
dependencies = [
 "cc 1.0.47 (registry+https://github.com/rust-lang/crates.io-index)",
 "libc 0.2.65 (registry+https://github.com/rust-lang/crates.io-index)",
]

[[package]]
name = "benchmarks"
version = "0.1.2"
dependencies = [
 "askama 0.8.0 (registry+https://github.com/rust-lang/crates.io-index)",
 "handlebars 2.0.2 (registry+https://github.com/rust-lang/crates.io-index)",
 "horrorshow 0.7.0 (registry+https://github.com/rust-lang/crates.io-index)",
 "liquid 0.19.0 (registry+https://github.com/rust-lang/crates.io-index)",
 "maud 0.21.0",
 "rustc-serialize 0.3.24 (registry+https://github.com/rust-lang/crates.io-index)",
 "serde 1.0.102 (registry+https://github.com/rust-lang/crates.io-index)",
 "serde_json 1.0.41 (registry+https://github.com/rust-lang/crates.io-index)",
 "tera 0.11.20 (registry+https://github.com/rust-lang/crates.io-index)",
]

[[package]]
name = "block-buffer"
version = "0.7.3"
source = "registry+https://github.com/rust-lang/crates.io-index"
dependencies = [
 "block-padding 0.1.5 (registry+https://github.com/rust-lang/crates.io-index)",
 "byte-tools 0.3.1 (registry+https://github.com/rust-lang/crates.io-index)",
 "byteorder 1.3.2 (registry+https://github.com/rust-lang/crates.io-index)",
 "generic-array 0.12.3 (registry+https://github.com/rust-lang/crates.io-index)",
]

[[package]]
name = "block-padding"
version = "0.1.5"
source = "registry+https://github.com/rust-lang/crates.io-index"
dependencies = [
 "byte-tools 0.3.1 (registry+https://github.com/rust-lang/crates.io-index)",
]

[[package]]
name = "byte-tools"
version = "0.3.1"
source = "registry+https://github.com/rust-lang/crates.io-index"

[[package]]
name = "byteorder"
version = "1.3.2"
source = "registry+https://github.com/rust-lang/crates.io-index"

[[package]]
name = "cc"
version = "1.0.47"
source = "registry+https://github.com/rust-lang/crates.io-index"

[[package]]
name = "cfg-if"
version = "0.1.10"
source = "registry+https://github.com/rust-lang/crates.io-index"

[[package]]
name = "chrono"
version = "0.4.9"
source = "registry+https://github.com/rust-lang/crates.io-index"
dependencies = [
 "libc 0.2.65 (registry+https://github.com/rust-lang/crates.io-index)",
 "num-integer 0.1.41 (registry+https://github.com/rust-lang/crates.io-index)",
 "num-traits 0.2.10 (registry+https://github.com/rust-lang/crates.io-index)",
 "time 0.1.42 (registry+https://github.com/rust-lang/crates.io-index)",
]

[[package]]
name = "deunicode"
version = "0.4.3"
source = "registry+https://github.com/rust-lang/crates.io-index"

[[package]]
name = "deunicode"
version = "1.0.0"
source = "registry+https://github.com/rust-lang/crates.io-index"

[[package]]
name = "digest"
version = "0.8.1"
source = "registry+https://github.com/rust-lang/crates.io-index"
dependencies = [
 "generic-array 0.12.3 (registry+https://github.com/rust-lang/crates.io-index)",
]

[[package]]
name = "doc-comment"
version = "0.3.1"
source = "registry+https://github.com/rust-lang/crates.io-index"

[[package]]
name = "either"
version = "1.5.3"
source = "registry+https://github.com/rust-lang/crates.io-index"

[[package]]
name = "error-chain"
version = "0.12.1"
source = "registry+https://github.com/rust-lang/crates.io-index"
dependencies = [
 "backtrace 0.3.40 (registry+https://github.com/rust-lang/crates.io-index)",
 "version_check 0.1.5 (registry+https://github.com/rust-lang/crates.io-index)",
]

[[package]]
name = "fake-simd"
version = "0.1.2"
source = "registry+https://github.com/rust-lang/crates.io-index"

[[package]]
name = "generic-array"
version = "0.12.3"
source = "registry+https://github.com/rust-lang/crates.io-index"
dependencies = [
 "typenum 1.11.2 (registry+https://github.com/rust-lang/crates.io-index)",
]

[[package]]
name = "glob"
version = "0.2.11"
source = "registry+https://github.com/rust-lang/crates.io-index"

[[package]]
name = "handlebars"
version = "2.0.2"
source = "registry+https://github.com/rust-lang/crates.io-index"
dependencies = [
 "hashbrown 0.5.0 (registry+https://github.com/rust-lang/crates.io-index)",
 "log 0.4.8 (registry+https://github.com/rust-lang/crates.io-index)",
 "pest 2.1.2 (registry+https://github.com/rust-lang/crates.io-index)",
 "pest_derive 2.1.0 (registry+https://github.com/rust-lang/crates.io-index)",
 "quick-error 1.2.2 (registry+https://github.com/rust-lang/crates.io-index)",
 "serde 1.0.102 (registry+https://github.com/rust-lang/crates.io-index)",
 "serde_json 1.0.41 (registry+https://github.com/rust-lang/crates.io-index)",
 "walkdir 2.2.9 (registry+https://github.com/rust-lang/crates.io-index)",
]

[[package]]
name = "hashbrown"
version = "0.5.0"
source = "registry+https://github.com/rust-lang/crates.io-index"
dependencies = [
 "serde 1.0.102 (registry+https://github.com/rust-lang/crates.io-index)",
]

[[package]]
name = "horrorshow"
version = "0.7.0"
source = "registry+https://github.com/rust-lang/crates.io-index"

[[package]]
name = "humansize"
version = "1.1.0"
source = "registry+https://github.com/rust-lang/crates.io-index"

[[package]]
name = "idna"
version = "0.1.5"
source = "registry+https://github.com/rust-lang/crates.io-index"
dependencies = [
 "matches 0.1.8 (registry+https://github.com/rust-lang/crates.io-index)",
 "unicode-bidi 0.3.4 (registry+https://github.com/rust-lang/crates.io-index)",
 "unicode-normalization 0.1.11 (registry+https://github.com/rust-lang/crates.io-index)",
]

[[package]]
name = "itertools"
version = "0.8.2"
source = "registry+https://github.com/rust-lang/crates.io-index"
dependencies = [
 "either 1.5.3 (registry+https://github.com/rust-lang/crates.io-index)",
]

[[package]]
name = "itoa"
version = "0.4.4"
source = "registry+https://github.com/rust-lang/crates.io-index"

[[package]]
name = "lazy_static"
version = "1.4.0"
source = "registry+https://github.com/rust-lang/crates.io-index"

[[package]]
name = "libc"
version = "0.2.65"
source = "registry+https://github.com/rust-lang/crates.io-index"

[[package]]
name = "liquid"
version = "0.19.0"
source = "registry+https://github.com/rust-lang/crates.io-index"
dependencies = [
 "chrono 0.4.9 (registry+https://github.com/rust-lang/crates.io-index)",
 "deunicode 1.0.0 (registry+https://github.com/rust-lang/crates.io-index)",
 "doc-comment 0.3.1 (registry+https://github.com/rust-lang/crates.io-index)",
 "itertools 0.8.2 (registry+https://github.com/rust-lang/crates.io-index)",
 "lazy_static 1.4.0 (registry+https://github.com/rust-lang/crates.io-index)",
 "liquid-compiler 0.19.0 (registry+https://github.com/rust-lang/crates.io-index)",
 "liquid-derive 0.19.0 (registry+https://github.com/rust-lang/crates.io-index)",
 "liquid-error 0.19.0 (registry+https://github.com/rust-lang/crates.io-index)",
 "liquid-interpreter 0.19.0 (registry+https://github.com/rust-lang/crates.io-index)",
 "liquid-value 0.19.1 (registry+https://github.com/rust-lang/crates.io-index)",
 "regex 1.3.1 (registry+https://github.com/rust-lang/crates.io-index)",
 "serde 1.0.102 (registry+https://github.com/rust-lang/crates.io-index)",
 "unicode-segmentation 1.6.0 (registry+https://github.com/rust-lang/crates.io-index)",
 "url 1.7.2 (registry+https://github.com/rust-lang/crates.io-index)",
]

[[package]]
name = "liquid-compiler"
version = "0.19.0"
source = "registry+https://github.com/rust-lang/crates.io-index"
dependencies = [
 "itertools 0.8.2 (registry+https://github.com/rust-lang/crates.io-index)",
 "liquid-error 0.19.0 (registry+https://github.com/rust-lang/crates.io-index)",
 "liquid-interpreter 0.19.0 (registry+https://github.com/rust-lang/crates.io-index)",
 "liquid-value 0.19.1 (registry+https://github.com/rust-lang/crates.io-index)",
 "pest 2.1.2 (registry+https://github.com/rust-lang/crates.io-index)",
 "pest_derive 2.1.0 (registry+https://github.com/rust-lang/crates.io-index)",
]

[[package]]
name = "liquid-derive"
version = "0.19.0"
source = "registry+https://github.com/rust-lang/crates.io-index"
dependencies = [
 "liquid-compiler 0.19.0 (registry+https://github.com/rust-lang/crates.io-index)",
 "liquid-error 0.19.0 (registry+https://github.com/rust-lang/crates.io-index)",
 "liquid-interpreter 0.19.0 (registry+https://github.com/rust-lang/crates.io-index)",
 "liquid-value 0.19.1 (registry+https://github.com/rust-lang/crates.io-index)",
 "proc-macro2 0.4.30 (registry+https://github.com/rust-lang/crates.io-index)",
 "proc-quote 0.2.2 (registry+https://github.com/rust-lang/crates.io-index)",
 "syn 0.15.44 (registry+https://github.com/rust-lang/crates.io-index)",
]

[[package]]
name = "liquid-error"
version = "0.19.0"
source = "registry+https://github.com/rust-lang/crates.io-index"

[[package]]
name = "liquid-interpreter"
version = "0.19.0"
source = "registry+https://github.com/rust-lang/crates.io-index"
dependencies = [
 "anymap 0.12.1 (registry+https://github.com/rust-lang/crates.io-index)",
 "itertools 0.8.2 (registry+https://github.com/rust-lang/crates.io-index)",
 "liquid-error 0.19.0 (registry+https://github.com/rust-lang/crates.io-index)",
 "liquid-value 0.19.1 (registry+https://github.com/rust-lang/crates.io-index)",
]

[[package]]
name = "liquid-value"
version = "0.19.1"
source = "registry+https://github.com/rust-lang/crates.io-index"
dependencies = [
 "chrono 0.4.9 (registry+https://github.com/rust-lang/crates.io-index)",
 "itertools 0.8.2 (registry+https://github.com/rust-lang/crates.io-index)",
 "liquid-error 0.19.0 (registry+https://github.com/rust-lang/crates.io-index)",
 "num-traits 0.2.10 (registry+https://github.com/rust-lang/crates.io-index)",
 "serde 1.0.102 (registry+https://github.com/rust-lang/crates.io-index)",
]

[[package]]
name = "log"
version = "0.4.8"
source = "registry+https://github.com/rust-lang/crates.io-index"
dependencies = [
 "cfg-if 0.1.10 (registry+https://github.com/rust-lang/crates.io-index)",
]

[[package]]
name = "maplit"
version = "1.0.2"
source = "registry+https://github.com/rust-lang/crates.io-index"

[[package]]
name = "matches"
version = "0.1.8"
source = "registry+https://github.com/rust-lang/crates.io-index"

[[package]]
name = "maud"
version = "0.21.0"
dependencies = [
 "maud_htmlescape 0.17.0",
 "maud_macros 0.21.0",
]

[[package]]
name = "maud_htmlescape"
version = "0.17.0"

[[package]]
name = "maud_macros"
version = "0.21.0"
dependencies = [
 "matches 0.1.8 (registry+https://github.com/rust-lang/crates.io-index)",
 "maud_htmlescape 0.17.0",
 "syn 1.0.8 (registry+https://github.com/rust-lang/crates.io-index)",
]

[[package]]
name = "memchr"
version = "2.2.1"
source = "registry+https://github.com/rust-lang/crates.io-index"

[[package]]
name = "nom"
version = "4.2.3"
source = "registry+https://github.com/rust-lang/crates.io-index"
dependencies = [
 "memchr 2.2.1 (registry+https://github.com/rust-lang/crates.io-index)",
 "version_check 0.1.5 (registry+https://github.com/rust-lang/crates.io-index)",
]

[[package]]
name = "num-integer"
version = "0.1.41"
source = "registry+https://github.com/rust-lang/crates.io-index"
dependencies = [
 "autocfg 0.1.7 (registry+https://github.com/rust-lang/crates.io-index)",
 "num-traits 0.2.10 (registry+https://github.com/rust-lang/crates.io-index)",
]

[[package]]
name = "num-traits"
version = "0.2.10"
source = "registry+https://github.com/rust-lang/crates.io-index"
dependencies = [
 "autocfg 0.1.7 (registry+https://github.com/rust-lang/crates.io-index)",
]

[[package]]
name = "opaque-debug"
version = "0.2.3"
source = "registry+https://github.com/rust-lang/crates.io-index"

[[package]]
name = "percent-encoding"
version = "1.0.1"
source = "registry+https://github.com/rust-lang/crates.io-index"

[[package]]
name = "pest"
version = "2.1.2"
source = "registry+https://github.com/rust-lang/crates.io-index"
dependencies = [
 "ucd-trie 0.1.2 (registry+https://github.com/rust-lang/crates.io-index)",
]

[[package]]
name = "pest_derive"
version = "2.1.0"
source = "registry+https://github.com/rust-lang/crates.io-index"
dependencies = [
 "pest 2.1.2 (registry+https://github.com/rust-lang/crates.io-index)",
 "pest_generator 2.1.1 (registry+https://github.com/rust-lang/crates.io-index)",
]

[[package]]
name = "pest_generator"
version = "2.1.1"
source = "registry+https://github.com/rust-lang/crates.io-index"
dependencies = [
 "pest 2.1.2 (registry+https://github.com/rust-lang/crates.io-index)",
 "pest_meta 2.1.2 (registry+https://github.com/rust-lang/crates.io-index)",
 "proc-macro2 1.0.6 (registry+https://github.com/rust-lang/crates.io-index)",
 "quote 1.0.2 (registry+https://github.com/rust-lang/crates.io-index)",
 "syn 1.0.8 (registry+https://github.com/rust-lang/crates.io-index)",
]

[[package]]
name = "pest_meta"
version = "2.1.2"
source = "registry+https://github.com/rust-lang/crates.io-index"
dependencies = [
 "maplit 1.0.2 (registry+https://github.com/rust-lang/crates.io-index)",
 "pest 2.1.2 (registry+https://github.com/rust-lang/crates.io-index)",
 "sha-1 0.8.1 (registry+https://github.com/rust-lang/crates.io-index)",
]

[[package]]
name = "proc-macro-hack"
version = "0.5.11"
source = "registry+https://github.com/rust-lang/crates.io-index"
dependencies = [
 "proc-macro2 1.0.6 (registry+https://github.com/rust-lang/crates.io-index)",
 "quote 1.0.2 (registry+https://github.com/rust-lang/crates.io-index)",
 "syn 1.0.8 (registry+https://github.com/rust-lang/crates.io-index)",
]

[[package]]
name = "proc-macro2"
version = "0.4.30"
source = "registry+https://github.com/rust-lang/crates.io-index"
dependencies = [
 "unicode-xid 0.1.0 (registry+https://github.com/rust-lang/crates.io-index)",
]

[[package]]
name = "proc-macro2"
version = "1.0.6"
source = "registry+https://github.com/rust-lang/crates.io-index"
dependencies = [
 "unicode-xid 0.2.0 (registry+https://github.com/rust-lang/crates.io-index)",
]

[[package]]
name = "proc-quote"
version = "0.2.2"
source = "registry+https://github.com/rust-lang/crates.io-index"
dependencies = [
 "proc-macro-hack 0.5.11 (registry+https://github.com/rust-lang/crates.io-index)",
 "proc-macro2 0.4.30 (registry+https://github.com/rust-lang/crates.io-index)",
 "proc-quote-impl 0.2.2 (registry+https://github.com/rust-lang/crates.io-index)",
 "quote 0.6.13 (registry+https://github.com/rust-lang/crates.io-index)",
 "syn 0.15.44 (registry+https://github.com/rust-lang/crates.io-index)",
]

[[package]]
name = "proc-quote-impl"
version = "0.2.2"
source = "registry+https://github.com/rust-lang/crates.io-index"
dependencies = [
 "proc-macro-hack 0.5.11 (registry+https://github.com/rust-lang/crates.io-index)",
 "proc-macro2 0.4.30 (registry+https://github.com/rust-lang/crates.io-index)",
 "quote 0.6.13 (registry+https://github.com/rust-lang/crates.io-index)",
]

[[package]]
name = "quick-error"
version = "1.2.2"
source = "registry+https://github.com/rust-lang/crates.io-index"

[[package]]
name = "quote"
version = "0.6.13"
source = "registry+https://github.com/rust-lang/crates.io-index"
dependencies = [
 "proc-macro2 0.4.30 (registry+https://github.com/rust-lang/crates.io-index)",
]

[[package]]
name = "quote"
version = "1.0.2"
source = "registry+https://github.com/rust-lang/crates.io-index"
dependencies = [
 "proc-macro2 1.0.6 (registry+https://github.com/rust-lang/crates.io-index)",
]

[[package]]
name = "redox_syscall"
version = "0.1.56"
source = "registry+https://github.com/rust-lang/crates.io-index"

[[package]]
name = "regex"
version = "1.3.1"
source = "registry+https://github.com/rust-lang/crates.io-index"
dependencies = [
 "aho-corasick 0.7.6 (registry+https://github.com/rust-lang/crates.io-index)",
 "memchr 2.2.1 (registry+https://github.com/rust-lang/crates.io-index)",
 "regex-syntax 0.6.12 (registry+https://github.com/rust-lang/crates.io-index)",
 "thread_local 0.3.6 (registry+https://github.com/rust-lang/crates.io-index)",
]

[[package]]
name = "regex-syntax"
version = "0.6.12"
source = "registry+https://github.com/rust-lang/crates.io-index"

[[package]]
name = "rustc-demangle"
version = "0.1.16"
source = "registry+https://github.com/rust-lang/crates.io-index"

[[package]]
name = "rustc-serialize"
version = "0.3.24"
source = "registry+https://github.com/rust-lang/crates.io-index"

[[package]]
name = "ryu"
version = "1.0.2"
source = "registry+https://github.com/rust-lang/crates.io-index"

[[package]]
name = "same-file"
version = "1.0.5"
source = "registry+https://github.com/rust-lang/crates.io-index"
dependencies = [
 "winapi-util 0.1.2 (registry+https://github.com/rust-lang/crates.io-index)",
]

[[package]]
name = "serde"
version = "1.0.102"
source = "registry+https://github.com/rust-lang/crates.io-index"
dependencies = [
 "serde_derive 1.0.102 (registry+https://github.com/rust-lang/crates.io-index)",
]

[[package]]
name = "serde_derive"
version = "1.0.102"
source = "registry+https://github.com/rust-lang/crates.io-index"
dependencies = [
 "proc-macro2 1.0.6 (registry+https://github.com/rust-lang/crates.io-index)",
 "quote 1.0.2 (registry+https://github.com/rust-lang/crates.io-index)",
 "syn 1.0.8 (registry+https://github.com/rust-lang/crates.io-index)",
]

[[package]]
name = "serde_json"
version = "1.0.41"
source = "registry+https://github.com/rust-lang/crates.io-index"
dependencies = [
 "itoa 0.4.4 (registry+https://github.com/rust-lang/crates.io-index)",
 "ryu 1.0.2 (registry+https://github.com/rust-lang/crates.io-index)",
 "serde 1.0.102 (registry+https://github.com/rust-lang/crates.io-index)",
]

[[package]]
name = "sha-1"
version = "0.8.1"
source = "registry+https://github.com/rust-lang/crates.io-index"
dependencies = [
 "block-buffer 0.7.3 (registry+https://github.com/rust-lang/crates.io-index)",
 "digest 0.8.1 (registry+https://github.com/rust-lang/crates.io-index)",
 "fake-simd 0.1.2 (registry+https://github.com/rust-lang/crates.io-index)",
 "opaque-debug 0.2.3 (registry+https://github.com/rust-lang/crates.io-index)",
]

[[package]]
name = "slug"
version = "0.1.4"
source = "registry+https://github.com/rust-lang/crates.io-index"
dependencies = [
 "deunicode 0.4.3 (registry+https://github.com/rust-lang/crates.io-index)",
]

[[package]]
name = "smallvec"
version = "1.0.0"
source = "registry+https://github.com/rust-lang/crates.io-index"

[[package]]
name = "syn"
version = "0.15.44"
source = "registry+https://github.com/rust-lang/crates.io-index"
dependencies = [
 "proc-macro2 0.4.30 (registry+https://github.com/rust-lang/crates.io-index)",
 "quote 0.6.13 (registry+https://github.com/rust-lang/crates.io-index)",
 "unicode-xid 0.1.0 (registry+https://github.com/rust-lang/crates.io-index)",
]

[[package]]
name = "syn"
version = "1.0.8"
source = "registry+https://github.com/rust-lang/crates.io-index"
dependencies = [
 "proc-macro2 1.0.6 (registry+https://github.com/rust-lang/crates.io-index)",
 "quote 1.0.2 (registry+https://github.com/rust-lang/crates.io-index)",
 "unicode-xid 0.2.0 (registry+https://github.com/rust-lang/crates.io-index)",
]

[[package]]
name = "tera"
version = "0.11.20"
source = "registry+https://github.com/rust-lang/crates.io-index"
dependencies = [
 "chrono 0.4.9 (registry+https://github.com/rust-lang/crates.io-index)",
 "error-chain 0.12.1 (registry+https://github.com/rust-lang/crates.io-index)",
 "glob 0.2.11 (registry+https://github.com/rust-lang/crates.io-index)",
 "humansize 1.1.0 (registry+https://github.com/rust-lang/crates.io-index)",
 "lazy_static 1.4.0 (registry+https://github.com/rust-lang/crates.io-index)",
 "pest 2.1.2 (registry+https://github.com/rust-lang/crates.io-index)",
 "pest_derive 2.1.0 (registry+https://github.com/rust-lang/crates.io-index)",
 "regex 1.3.1 (registry+https://github.com/rust-lang/crates.io-index)",
 "serde 1.0.102 (registry+https://github.com/rust-lang/crates.io-index)",
 "serde_json 1.0.41 (registry+https://github.com/rust-lang/crates.io-index)",
 "slug 0.1.4 (registry+https://github.com/rust-lang/crates.io-index)",
 "unic-segment 0.7.0 (registry+https://github.com/rust-lang/crates.io-index)",
 "url 1.7.2 (registry+https://github.com/rust-lang/crates.io-index)",
]

[[package]]
name = "thread_local"
version = "0.3.6"
source = "registry+https://github.com/rust-lang/crates.io-index"
dependencies = [
 "lazy_static 1.4.0 (registry+https://github.com/rust-lang/crates.io-index)",
]

[[package]]
name = "time"
version = "0.1.42"
source = "registry+https://github.com/rust-lang/crates.io-index"
dependencies = [
 "libc 0.2.65 (registry+https://github.com/rust-lang/crates.io-index)",
 "redox_syscall 0.1.56 (registry+https://github.com/rust-lang/crates.io-index)",
 "winapi 0.3.8 (registry+https://github.com/rust-lang/crates.io-index)",
]

[[package]]
name = "toml"
version = "0.4.10"
source = "registry+https://github.com/rust-lang/crates.io-index"
dependencies = [
 "serde 1.0.102 (registry+https://github.com/rust-lang/crates.io-index)",
]

[[package]]
name = "typenum"
version = "1.11.2"
source = "registry+https://github.com/rust-lang/crates.io-index"

[[package]]
name = "ucd-trie"
version = "0.1.2"
source = "registry+https://github.com/rust-lang/crates.io-index"

[[package]]
name = "unic-char-property"
version = "0.7.0"
source = "registry+https://github.com/rust-lang/crates.io-index"
dependencies = [
 "unic-char-range 0.7.0 (registry+https://github.com/rust-lang/crates.io-index)",
]

[[package]]
name = "unic-char-range"
version = "0.7.0"
source = "registry+https://github.com/rust-lang/crates.io-index"

[[package]]
name = "unic-common"
version = "0.7.0"
source = "registry+https://github.com/rust-lang/crates.io-index"

[[package]]
name = "unic-segment"
version = "0.7.0"
source = "registry+https://github.com/rust-lang/crates.io-index"
dependencies = [
 "unic-ucd-segment 0.7.0 (registry+https://github.com/rust-lang/crates.io-index)",
]

[[package]]
name = "unic-ucd-segment"
version = "0.7.0"
source = "registry+https://github.com/rust-lang/crates.io-index"
dependencies = [
 "unic-char-property 0.7.0 (registry+https://github.com/rust-lang/crates.io-index)",
 "unic-char-range 0.7.0 (registry+https://github.com/rust-lang/crates.io-index)",
 "unic-ucd-version 0.7.0 (registry+https://github.com/rust-lang/crates.io-index)",
]

[[package]]
name = "unic-ucd-version"
version = "0.7.0"
source = "registry+https://github.com/rust-lang/crates.io-index"
dependencies = [
 "unic-common 0.7.0 (registry+https://github.com/rust-lang/crates.io-index)",
]

[[package]]
name = "unicode-bidi"
version = "0.3.4"
source = "registry+https://github.com/rust-lang/crates.io-index"
dependencies = [
 "matches 0.1.8 (registry+https://github.com/rust-lang/crates.io-index)",
]

[[package]]
name = "unicode-normalization"
version = "0.1.11"
source = "registry+https://github.com/rust-lang/crates.io-index"
dependencies = [
 "smallvec 1.0.0 (registry+https://github.com/rust-lang/crates.io-index)",
]

[[package]]
name = "unicode-segmentation"
version = "1.6.0"
source = "registry+https://github.com/rust-lang/crates.io-index"

[[package]]
name = "unicode-xid"
version = "0.1.0"
source = "registry+https://github.com/rust-lang/crates.io-index"

[[package]]
name = "unicode-xid"
version = "0.2.0"
source = "registry+https://github.com/rust-lang/crates.io-index"

[[package]]
name = "url"
version = "1.7.2"
source = "registry+https://github.com/rust-lang/crates.io-index"
dependencies = [
 "idna 0.1.5 (registry+https://github.com/rust-lang/crates.io-index)",
 "matches 0.1.8 (registry+https://github.com/rust-lang/crates.io-index)",
 "percent-encoding 1.0.1 (registry+https://github.com/rust-lang/crates.io-index)",
]

[[package]]
name = "version_check"
version = "0.1.5"
source = "registry+https://github.com/rust-lang/crates.io-index"

[[package]]
name = "walkdir"
version = "2.2.9"
source = "registry+https://github.com/rust-lang/crates.io-index"
dependencies = [
 "same-file 1.0.5 (registry+https://github.com/rust-lang/crates.io-index)",
 "winapi 0.3.8 (registry+https://github.com/rust-lang/crates.io-index)",
 "winapi-util 0.1.2 (registry+https://github.com/rust-lang/crates.io-index)",
]

[[package]]
name = "winapi"
version = "0.3.8"
source = "registry+https://github.com/rust-lang/crates.io-index"
dependencies = [
 "winapi-i686-pc-windows-gnu 0.4.0 (registry+https://github.com/rust-lang/crates.io-index)",
 "winapi-x86_64-pc-windows-gnu 0.4.0 (registry+https://github.com/rust-lang/crates.io-index)",
]

[[package]]
name = "winapi-i686-pc-windows-gnu"
version = "0.4.0"
source = "registry+https://github.com/rust-lang/crates.io-index"

[[package]]
name = "winapi-util"
version = "0.1.2"
source = "registry+https://github.com/rust-lang/crates.io-index"
dependencies = [
 "winapi 0.3.8 (registry+https://github.com/rust-lang/crates.io-index)",
]

[[package]]
name = "winapi-x86_64-pc-windows-gnu"
version = "0.4.0"
source = "registry+https://github.com/rust-lang/crates.io-index"

[metadata]
"checksum aho-corasick 0.7.6 (registry+https://github.com/rust-lang/crates.io-index)" = "58fb5e95d83b38284460a5fda7d6470aa0b8844d283a0b614b8535e880800d2d"
"checksum anymap 0.12.1 (registry+https://github.com/rust-lang/crates.io-index)" = "33954243bd79057c2de7338850b85983a44588021f8a5fee574a8888c6de4344"
"checksum askama 0.8.0 (registry+https://github.com/rust-lang/crates.io-index)" = "3dc2a4b6d7f812d2b13d251ae792caecebd635d6401761162d4b71d5ebe1a010"
"checksum askama_derive 0.8.0 (registry+https://github.com/rust-lang/crates.io-index)" = "23ee2fff0f22ad5d215cace1227cd036c28e81e26206763bb837b6d0e766c87d"
"checksum askama_escape 0.2.0 (registry+https://github.com/rust-lang/crates.io-index)" = "b0de942230b5beedaa9e1d64df5b76fa1c97002e4c7982897be899cccf40621d"
"checksum askama_shared 0.8.0 (registry+https://github.com/rust-lang/crates.io-index)" = "a6dfa6b6d254fd066a8bbed9a8f913123e3f701db89216ad4f0aff04ad87718c"
"checksum autocfg 0.1.7 (registry+https://github.com/rust-lang/crates.io-index)" = "1d49d90015b3c36167a20fe2810c5cd875ad504b39cff3d4eae7977e6b7c1cb2"
"checksum backtrace 0.3.40 (registry+https://github.com/rust-lang/crates.io-index)" = "924c76597f0d9ca25d762c25a4d369d51267536465dc5064bdf0eb073ed477ea"
"checksum backtrace-sys 0.1.32 (registry+https://github.com/rust-lang/crates.io-index)" = "5d6575f128516de27e3ce99689419835fce9643a9b215a14d2b5b685be018491"
"checksum block-buffer 0.7.3 (registry+https://github.com/rust-lang/crates.io-index)" = "c0940dc441f31689269e10ac70eb1002a3a1d3ad1390e030043662eb7fe4688b"
"checksum block-padding 0.1.5 (registry+https://github.com/rust-lang/crates.io-index)" = "fa79dedbb091f449f1f39e53edf88d5dbe95f895dae6135a8d7b881fb5af73f5"
"checksum byte-tools 0.3.1 (registry+https://github.com/rust-lang/crates.io-index)" = "e3b5ca7a04898ad4bcd41c90c5285445ff5b791899bb1b0abdd2a2aa791211d7"
"checksum byteorder 1.3.2 (registry+https://github.com/rust-lang/crates.io-index)" = "a7c3dd8985a7111efc5c80b44e23ecdd8c007de8ade3b96595387e812b957cf5"
"checksum cc 1.0.47 (registry+https://github.com/rust-lang/crates.io-index)" = "aa87058dce70a3ff5621797f1506cb837edd02ac4c0ae642b4542dce802908b8"
"checksum cfg-if 0.1.10 (registry+https://github.com/rust-lang/crates.io-index)" = "4785bdd1c96b2a846b2bd7cc02e86b6b3dbf14e7e53446c4f54c92a361040822"
"checksum chrono 0.4.9 (registry+https://github.com/rust-lang/crates.io-index)" = "e8493056968583b0193c1bb04d6f7684586f3726992d6c573261941a895dbd68"
"checksum deunicode 0.4.3 (registry+https://github.com/rust-lang/crates.io-index)" = "850878694b7933ca4c9569d30a34b55031b9b139ee1fc7b94a527c4ef960d690"
"checksum deunicode 1.0.0 (registry+https://github.com/rust-lang/crates.io-index)" = "ca8a0f5bbdedde60605d0719b998e282af68e2b1c50203110211fe4abe857560"
"checksum digest 0.8.1 (registry+https://github.com/rust-lang/crates.io-index)" = "f3d0c8c8752312f9713efd397ff63acb9f85585afbf179282e720e7704954dd5"
"checksum doc-comment 0.3.1 (registry+https://github.com/rust-lang/crates.io-index)" = "923dea538cea0aa3025e8685b20d6ee21ef99c4f77e954a30febbaac5ec73a97"
"checksum either 1.5.3 (registry+https://github.com/rust-lang/crates.io-index)" = "bb1f6b1ce1c140482ea30ddd3335fc0024ac7ee112895426e0a629a6c20adfe3"
"checksum error-chain 0.12.1 (registry+https://github.com/rust-lang/crates.io-index)" = "3ab49e9dcb602294bc42f9a7dfc9bc6e936fca4418ea300dbfb84fe16de0b7d9"
"checksum fake-simd 0.1.2 (registry+https://github.com/rust-lang/crates.io-index)" = "e88a8acf291dafb59c2d96e8f59828f3838bb1a70398823ade51a84de6a6deed"
"checksum generic-array 0.12.3 (registry+https://github.com/rust-lang/crates.io-index)" = "c68f0274ae0e023facc3c97b2e00f076be70e254bc851d972503b328db79b2ec"
"checksum glob 0.2.11 (registry+https://github.com/rust-lang/crates.io-index)" = "8be18de09a56b60ed0edf84bc9df007e30040691af7acd1c41874faac5895bfb"
"checksum handlebars 2.0.2 (registry+https://github.com/rust-lang/crates.io-index)" = "91ef1ac30f2eaaa2b835fce73c57091cb6b9fc62b7eef285efbf980b0f20001b"
"checksum hashbrown 0.5.0 (registry+https://github.com/rust-lang/crates.io-index)" = "e1de41fb8dba9714efd92241565cdff73f78508c95697dd56787d3cba27e2353"
"checksum horrorshow 0.7.0 (registry+https://github.com/rust-lang/crates.io-index)" = "73b84f6f364b9c35c9941a5199de16a0e8725da352eb4d4b1eb0d7179bee697a"
"checksum humansize 1.1.0 (registry+https://github.com/rust-lang/crates.io-index)" = "b6cab2627acfc432780848602f3f558f7e9dd427352224b0d9324025796d2a5e"
"checksum idna 0.1.5 (registry+https://github.com/rust-lang/crates.io-index)" = "38f09e0f0b1fb55fdee1f17470ad800da77af5186a1a76c026b679358b7e844e"
"checksum itertools 0.8.2 (registry+https://github.com/rust-lang/crates.io-index)" = "f56a2d0bc861f9165be4eb3442afd3c236d8a98afd426f65d92324ae1091a484"
"checksum itoa 0.4.4 (registry+https://github.com/rust-lang/crates.io-index)" = "501266b7edd0174f8530248f87f99c88fbe60ca4ef3dd486835b8d8d53136f7f"
"checksum lazy_static 1.4.0 (registry+https://github.com/rust-lang/crates.io-index)" = "e2abad23fbc42b3700f2f279844dc832adb2b2eb069b2df918f455c4e18cc646"
"checksum libc 0.2.65 (registry+https://github.com/rust-lang/crates.io-index)" = "1a31a0627fdf1f6a39ec0dd577e101440b7db22672c0901fe00a9a6fbb5c24e8"
"checksum liquid 0.19.0 (registry+https://github.com/rust-lang/crates.io-index)" = "c7cf7f28965f50ff06e2e9f26162f6d944b71f976506a7a01a6308ddebd36155"
"checksum liquid-compiler 0.19.0 (registry+https://github.com/rust-lang/crates.io-index)" = "7cd195c00674a2dc811b07969358c97c0639db4a73bc61514db48609d110356f"
"checksum liquid-derive 0.19.0 (registry+https://github.com/rust-lang/crates.io-index)" = "5b0faadd0dd1a7cf38390316c36a9a741949462750f9833b794ac6d7de145218"
"checksum liquid-error 0.19.0 (registry+https://github.com/rust-lang/crates.io-index)" = "7d5c0851812322e87dcf67c2d7e520c3efd8651bd44eb8d0c0246e6dfb94d481"
"checksum liquid-interpreter 0.19.0 (registry+https://github.com/rust-lang/crates.io-index)" = "998e0411b8cb6210bb0729ccbb15abd2a1c8ef7e318c97511ae5a741c817c63e"
"checksum liquid-value 0.19.1 (registry+https://github.com/rust-lang/crates.io-index)" = "2f56016187fb289186fccf44a9ae840f7b9ba35a04fd611e591aed2a1f53c265"
"checksum log 0.4.8 (registry+https://github.com/rust-lang/crates.io-index)" = "14b6052be84e6b71ab17edffc2eeabf5c2c3ae1fdb464aae35ac50c67a44e1f7"
"checksum maplit 1.0.2 (registry+https://github.com/rust-lang/crates.io-index)" = "3e2e65a1a2e43cfcb47a895c4c8b10d1f4a61097f9f254f183aee60cad9c651d"
"checksum matches 0.1.8 (registry+https://github.com/rust-lang/crates.io-index)" = "7ffc5c5338469d4d3ea17d269fa8ea3512ad247247c30bd2df69e68309ed0a08"
"checksum memchr 2.2.1 (registry+https://github.com/rust-lang/crates.io-index)" = "88579771288728879b57485cc7d6b07d648c9f0141eb955f8ab7f9d45394468e"
"checksum nom 4.2.3 (registry+https://github.com/rust-lang/crates.io-index)" = "2ad2a91a8e869eeb30b9cb3119ae87773a8f4ae617f41b1eb9c154b2905f7bd6"
"checksum num-integer 0.1.41 (registry+https://github.com/rust-lang/crates.io-index)" = "b85e541ef8255f6cf42bbfe4ef361305c6c135d10919ecc26126c4e5ae94bc09"
"checksum num-traits 0.2.10 (registry+https://github.com/rust-lang/crates.io-index)" = "d4c81ffc11c212fa327657cb19dd85eb7419e163b5b076bede2bdb5c974c07e4"
"checksum opaque-debug 0.2.3 (registry+https://github.com/rust-lang/crates.io-index)" = "2839e79665f131bdb5782e51f2c6c9599c133c6098982a54c794358bf432529c"
"checksum percent-encoding 1.0.1 (registry+https://github.com/rust-lang/crates.io-index)" = "31010dd2e1ac33d5b46a5b413495239882813e0369f8ed8a5e266f173602f831"
"checksum pest 2.1.2 (registry+https://github.com/rust-lang/crates.io-index)" = "7e4fb201c5c22a55d8b24fef95f78be52738e5e1361129be1b5e862ecdb6894a"
"checksum pest_derive 2.1.0 (registry+https://github.com/rust-lang/crates.io-index)" = "833d1ae558dc601e9a60366421196a8d94bc0ac980476d0b67e1d0988d72b2d0"
"checksum pest_generator 2.1.1 (registry+https://github.com/rust-lang/crates.io-index)" = "7b9fcf299b5712d06ee128a556c94709aaa04512c4dffb8ead07c5c998447fc0"
"checksum pest_meta 2.1.2 (registry+https://github.com/rust-lang/crates.io-index)" = "df43fd99896fd72c485fe47542c7b500e4ac1e8700bf995544d1317a60ded547"
"checksum proc-macro-hack 0.5.11 (registry+https://github.com/rust-lang/crates.io-index)" = "ecd45702f76d6d3c75a80564378ae228a85f0b59d2f3ed43c91b4a69eb2ebfc5"
"checksum proc-macro2 0.4.30 (registry+https://github.com/rust-lang/crates.io-index)" = "cf3d2011ab5c909338f7887f4fc896d35932e29146c12c8d01da6b22a80ba759"
"checksum proc-macro2 1.0.6 (registry+https://github.com/rust-lang/crates.io-index)" = "9c9e470a8dc4aeae2dee2f335e8f533e2d4b347e1434e5671afc49b054592f27"
"checksum proc-quote 0.2.2 (registry+https://github.com/rust-lang/crates.io-index)" = "fa612543f23fda013e1e6ce30b5285a9d313c6e582e57b4ceca74eb5b85685b5"
"checksum proc-quote-impl 0.2.2 (registry+https://github.com/rust-lang/crates.io-index)" = "f785f0f8cd00b7945efc3f3bdf8205eb06af5aacec598d83e67f41dc8d101fda"
"checksum quick-error 1.2.2 (registry+https://github.com/rust-lang/crates.io-index)" = "9274b940887ce9addde99c4eee6b5c44cc494b182b97e73dc8ffdcb3397fd3f0"
"checksum quote 0.6.13 (registry+https://github.com/rust-lang/crates.io-index)" = "6ce23b6b870e8f94f81fb0a363d65d86675884b34a09043c81e5562f11c1f8e1"
"checksum quote 1.0.2 (registry+https://github.com/rust-lang/crates.io-index)" = "053a8c8bcc71fcce321828dc897a98ab9760bef03a4fc36693c231e5b3216cfe"
"checksum redox_syscall 0.1.56 (registry+https://github.com/rust-lang/crates.io-index)" = "2439c63f3f6139d1b57529d16bc3b8bb855230c8efcc5d3a896c8bea7c3b1e84"
"checksum regex 1.3.1 (registry+https://github.com/rust-lang/crates.io-index)" = "dc220bd33bdce8f093101afe22a037b8eb0e5af33592e6a9caafff0d4cb81cbd"
"checksum regex-syntax 0.6.12 (registry+https://github.com/rust-lang/crates.io-index)" = "11a7e20d1cce64ef2fed88b66d347f88bd9babb82845b2b858f3edbf59a4f716"
"checksum rustc-demangle 0.1.16 (registry+https://github.com/rust-lang/crates.io-index)" = "4c691c0e608126e00913e33f0ccf3727d5fc84573623b8d65b2df340b5201783"
"checksum rustc-serialize 0.3.24 (registry+https://github.com/rust-lang/crates.io-index)" = "dcf128d1287d2ea9d80910b5f1120d0b8eede3fbf1abe91c40d39ea7d51e6fda"
"checksum ryu 1.0.2 (registry+https://github.com/rust-lang/crates.io-index)" = "bfa8506c1de11c9c4e4c38863ccbe02a305c8188e85a05a784c9e11e1c3910c8"
"checksum same-file 1.0.5 (registry+https://github.com/rust-lang/crates.io-index)" = "585e8ddcedc187886a30fa705c47985c3fa88d06624095856b36ca0b82ff4421"
"checksum serde 1.0.102 (registry+https://github.com/rust-lang/crates.io-index)" = "0c4b39bd9b0b087684013a792c59e3e07a46a01d2322518d8a1104641a0b1be0"
"checksum serde_derive 1.0.102 (registry+https://github.com/rust-lang/crates.io-index)" = "ca13fc1a832f793322228923fbb3aba9f3f44444898f835d31ad1b74fa0a2bf8"
"checksum serde_json 1.0.41 (registry+https://github.com/rust-lang/crates.io-index)" = "2f72eb2a68a7dc3f9a691bfda9305a1c017a6215e5a4545c258500d2099a37c2"
"checksum sha-1 0.8.1 (registry+https://github.com/rust-lang/crates.io-index)" = "23962131a91661d643c98940b20fcaffe62d776a823247be80a48fcb8b6fce68"
"checksum slug 0.1.4 (registry+https://github.com/rust-lang/crates.io-index)" = "b3bc762e6a4b6c6fcaade73e77f9ebc6991b676f88bb2358bddb56560f073373"
"checksum smallvec 1.0.0 (registry+https://github.com/rust-lang/crates.io-index)" = "4ecf3b85f68e8abaa7555aa5abdb1153079387e60b718283d732f03897fcfc86"
"checksum syn 0.15.44 (registry+https://github.com/rust-lang/crates.io-index)" = "9ca4b3b69a77cbe1ffc9e198781b7acb0c7365a883670e8f1c1bc66fba79a5c5"
"checksum syn 1.0.8 (registry+https://github.com/rust-lang/crates.io-index)" = "661641ea2aa15845cddeb97dad000d22070bb5c1fb456b96c1cba883ec691e92"
"checksum tera 0.11.20 (registry+https://github.com/rust-lang/crates.io-index)" = "4b505279e19d8f7d24b1a9dc58327c9c36174b1a2c7ebdeac70792d017cb64f3"
"checksum thread_local 0.3.6 (registry+https://github.com/rust-lang/crates.io-index)" = "c6b53e329000edc2b34dbe8545fd20e55a333362d0a321909685a19bd28c3f1b"
"checksum time 0.1.42 (registry+https://github.com/rust-lang/crates.io-index)" = "db8dcfca086c1143c9270ac42a2bbd8a7ee477b78ac8e45b19abfb0cbede4b6f"
"checksum toml 0.4.10 (registry+https://github.com/rust-lang/crates.io-index)" = "758664fc71a3a69038656bee8b6be6477d2a6c315a6b81f7081f591bffa4111f"
"checksum typenum 1.11.2 (registry+https://github.com/rust-lang/crates.io-index)" = "6d2783fe2d6b8c1101136184eb41be8b1ad379e4657050b8aaff0c79ee7575f9"
"checksum ucd-trie 0.1.2 (registry+https://github.com/rust-lang/crates.io-index)" = "8f00ed7be0c1ff1e24f46c3d2af4859f7e863672ba3a6e92e7cff702bf9f06c2"
"checksum unic-char-property 0.7.0 (registry+https://github.com/rust-lang/crates.io-index)" = "ce36d3f7ce754afdbccccf8ff0dd0134e50fb44aaae579f96218856e9e5dbd1e"
"checksum unic-char-range 0.7.0 (registry+https://github.com/rust-lang/crates.io-index)" = "d9ab85fab42ad1b26cafc03bf891f69cb4d6e15f491030e89a0122197baa8ae8"
"checksum unic-common 0.7.0 (registry+https://github.com/rust-lang/crates.io-index)" = "ff8d4a7ade929ef7d971e16ced21a8cd56a63869aa6032dfb8cb083cf7d077bf"
"checksum unic-segment 0.7.0 (registry+https://github.com/rust-lang/crates.io-index)" = "c9ca47cbb09fb5fcd066b5867d11dc528302fa465277882797d6a836e1ee6f9e"
"checksum unic-ucd-segment 0.7.0 (registry+https://github.com/rust-lang/crates.io-index)" = "48f1a08ce0409a9e391b88d1930118eec48af12742fc538bcec55f775865776e"
"checksum unic-ucd-version 0.7.0 (registry+https://github.com/rust-lang/crates.io-index)" = "cf1f5e6c6c53c2d0ece4a5964bc55fcff8602153063cb4fab20958ff32998ff6"
"checksum unicode-bidi 0.3.4 (registry+https://github.com/rust-lang/crates.io-index)" = "49f2bd0c6468a8230e1db229cff8029217cf623c767ea5d60bfbd42729ea54d5"
"checksum unicode-normalization 0.1.11 (registry+https://github.com/rust-lang/crates.io-index)" = "b561e267b2326bb4cebfc0ef9e68355c7abe6c6f522aeac2f5bf95d56c59bdcf"
"checksum unicode-segmentation 1.6.0 (registry+https://github.com/rust-lang/crates.io-index)" = "e83e153d1053cbb5a118eeff7fd5be06ed99153f00dbcd8ae310c5fb2b22edc0"
"checksum unicode-xid 0.1.0 (registry+https://github.com/rust-lang/crates.io-index)" = "fc72304796d0818e357ead4e000d19c9c174ab23dc11093ac919054d20a6a7fc"
"checksum unicode-xid 0.2.0 (registry+https://github.com/rust-lang/crates.io-index)" = "826e7639553986605ec5979c7dd957c7895e93eabed50ab2ffa7f6128a75097c"
"checksum url 1.7.2 (registry+https://github.com/rust-lang/crates.io-index)" = "dd4e7c0d531266369519a4aa4f399d748bd37043b00bde1e4ff1f60a120b355a"
"checksum version_check 0.1.5 (registry+https://github.com/rust-lang/crates.io-index)" = "914b1a6776c4c929a602fafd8bc742e06365d4bcbe48c30f9cca5824f70dc9dd"
"checksum walkdir 2.2.9 (registry+https://github.com/rust-lang/crates.io-index)" = "9658c94fa8b940eab2250bd5a457f9c48b748420d71293b165c8cdbe2f55f71e"
"checksum winapi 0.3.8 (registry+https://github.com/rust-lang/crates.io-index)" = "8093091eeb260906a183e6ae1abdba2ef5ef2257a21801128899c3fc699229c6"
"checksum winapi-i686-pc-windows-gnu 0.4.0 (registry+https://github.com/rust-lang/crates.io-index)" = "ac3b87c63620426dd9b991e5ce0329eff545bccbbb34f3be09ff6fb6ab51b7b6"
"checksum winapi-util 0.1.2 (registry+https://github.com/rust-lang/crates.io-index)" = "7168bab6e1daee33b4557efd0e95d5ca70a03706d39fa5f3fe7a236f584b03c9"
"checksum winapi-x86_64-pc-windows-gnu 0.4.0 (registry+https://github.com/rust-lang/crates.io-index)" = "712e227841d057c1ee1cd2fb22fa7e5a5461ae8e48fa2ca79ec42cfc1931183f"
